
Microsoft Visual Studio Solution File, Format Version 12.00
# Visual Studio Version 16
VisualStudioVersion = 16.0.32126.315
MinimumVisualStudioVersion = 10.0.40219.1
Project("{FAE04EC0-301F-11D3-BF4B-00C04F79EFBC}") = "FirstWebApi", "FirstWebApi\FirstWebApi.csproj", "{5124F717-6234-4B75-8DE4-93DB67E75B58}"
EndProject
Global
	GlobalSection(SolutionConfigurationPlatforms) = preSolution
		Debug|Any CPU = Debug|Any CPU
		Release|Any CPU = Release|Any CPU
	EndGlobalSection
	GlobalSection(ProjectConfigurationPlatforms) = postSolution
		{5124F717-6234-4B75-8DE4-93DB67E75B58}.Debug|Any CPU.ActiveCfg = Debug|Any CPU
		{5124F717-6234-4B75-8DE4-93DB67E75B58}.Debug|Any CPU.Build.0 = Debug|Any CPU
		{5124F717-6234-4B75-8DE4-93DB67E75B58}.Release|Any CPU.ActiveCfg = Release|Any CPU
		{5124F717-6234-4B75-8DE4-93DB67E75B58}.Release|Any CPU.Build.0 = Release|Any CPU
	EndGlobalSection
	GlobalSection(SolutionProperties) = preSolution
		HideSolutionNode = FALSE
	EndGlobalSection
	GlobalSection(ExtensibilityGlobals) = postSolution
		SolutionGuid = {7F122069-943B-460B-94F8-E80BC3999E42}
	EndGlobalSection
EndGlobal
